
Microsoft Visual Studio Solution File, Format Version 12.00
# Visual Studio Version 17
VisualStudioVersion = 17.7.34024.191
MinimumVisualStudioVersion = 10.0.40219.1
Project("{FAE04EC0-301F-11D3-BF4B-00C04F79EFBC}") = "TestApi", "TestApi\TestApi.csproj", "{45646450-D9E9-4B11-A51E-067E9FC1D8E5}"
EndProject
Global
	GlobalSection(SolutionConfigurationPlatforms) = preSolution
		Debug|Any CPU = Debug|Any CPU
		Release|Any CPU = Release|Any CPU
	EndGlobalSection
	GlobalSection(ProjectConfigurationPlatforms) = postSolution
		{45646450-D9E9-4B11-A51E-067E9FC1D8E5}.Debug|Any CPU.ActiveCfg = Debug|Any CPU
		{45646450-D9E9-4B11-A51E-067E9FC1D8E5}.Debug|Any CPU.Build.0 = Debug|Any CPU
		{45646450-D9E9-4B11-A51E-067E9FC1D8E5}.Release|Any CPU.ActiveCfg = Release|Any CPU
		{45646450-D9E9-4B11-A51E-067E9FC1D8E5}.Release|Any CPU.Build.0 = Release|Any CPU
	EndGlobalSection
	GlobalSection(SolutionProperties) = preSolution
		HideSolutionNode = FALSE
	EndGlobalSection
	GlobalSection(ExtensibilityGlobals) = postSolution
		SolutionGuid = {316DD82A-B602-4FC4-A730-6A692C98E281}
	EndGlobalSection
EndGlobal
